
Microsoft Visual Studio Solution File, Format Version 12.00
# Visual Studio Version 17
VisualStudioVersion = 17.0.31903.59
MinimumVisualStudioVersion = 10.0.40219.1
Project("{FAE04EC0-301F-11D3-BF4B-00C04F79EFBC}") = "02_AgeRestriction", "02_AgeRestriction\02_AgeRestriction.csproj", "{86411C61-1760-4948-BF8F-36D7C3D99CD3}"
EndProject
Global
	GlobalSection(SolutionConfigurationPlatforms) = preSolution
		Debug|Any CPU = Debug|Any CPU
		Release|Any CPU = Release|Any CPU
	EndGlobalSection
	GlobalSection(SolutionProperties) = preSolution
		HideSolutionNode = FALSE
	EndGlobalSection
	GlobalSection(ProjectConfigurationPlatforms) = postSolution
		{86411C61-1760-4948-BF8F-36D7C3D99CD3}.Debug|Any CPU.ActiveCfg = Debug|Any CPU
		{86411C61-1760-4948-BF8F-36D7C3D99CD3}.Debug|Any CPU.Build.0 = Debug|Any CPU
		{86411C61-1760-4948-BF8F-36D7C3D99CD3}.Release|Any CPU.ActiveCfg = Release|Any CPU
		{86411C61-1760-4948-BF8F-36D7C3D99CD3}.Release|Any CPU.Build.0 = Release|Any CPU
	EndGlobalSection
EndGlobal
