
Microsoft Visual Studio Solution File, Format Version 12.00
# Visual Studio Version 17
VisualStudioVersion = 17.5.33424.131
MinimumVisualStudioVersion = 10.0.40219.1
Project("{9A19103F-16F7-4668-BE54-9A1E7A4F7556}") = "primenumbers1", "primenumbers1.csproj", "{B120E0D2-CE27-4716-B237-98B23EDD0C58}"
EndProject
Project("{2150E333-8FDC-42A3-9474-1A3956D46DE8}") = "Solution Items", "Solution Items", "{8CDE59F0-01D7-463D-8256-051C7D642011}"
	ProjectSection(SolutionItems) = preProject
		.editorconfig = .editorconfig
	EndProjectSection
EndProject
Global
	GlobalSection(SolutionConfigurationPlatforms) = preSolution
		Debug|Any CPU = Debug|Any CPU
		Release|Any CPU = Release|Any CPU
	EndGlobalSection
	GlobalSection(ProjectConfigurationPlatforms) = postSolution
		{B120E0D2-CE27-4716-B237-98B23EDD0C58}.Debug|Any CPU.ActiveCfg = Debug|Any CPU
		{B120E0D2-CE27-4716-B237-98B23EDD0C58}.Debug|Any CPU.Build.0 = Debug|Any CPU
		{B120E0D2-CE27-4716-B237-98B23EDD0C58}.Release|Any CPU.ActiveCfg = Release|Any CPU
		{B120E0D2-CE27-4716-B237-98B23EDD0C58}.Release|Any CPU.Build.0 = Release|Any CPU
	EndGlobalSection
	GlobalSection(SolutionProperties) = preSolution
		HideSolutionNode = FALSE
	EndGlobalSection
	GlobalSection(ExtensibilityGlobals) = postSolution
		SolutionGuid = {C6993859-20B0-4F32-8DD6-FE1289AA3680}
	EndGlobalSection
EndGlobal
