
Microsoft Visual Studio Solution File, Format Version 12.00
# Visual Studio Version 17
VisualStudioVersion = 17.0.31903.59
MinimumVisualStudioVersion = 10.0.40219.1
Project("{9A19103F-16F7-4668-BE54-9A1E7A4F7556}") = "ConsoleApplication", "ConsoleApplication\ConsoleApplication.csproj", "{6B861E04-E419-4CF2-946C-83208D519127}"
EndProject
Project("{FAE04EC0-301F-11D3-BF4B-00C04F79EFBC}") = "ConsoleApplication.Tests", "ConsoleApplication.Tests\ConsoleApplication.Tests.csproj", "{DA109185-7CDD-43F3-AE22-8EA08483E6EB}"
EndProject
Global
	GlobalSection(SolutionConfigurationPlatforms) = preSolution
		Debug|Any CPU = Debug|Any CPU
		Release|Any CPU = Release|Any CPU
	EndGlobalSection
	GlobalSection(ProjectConfigurationPlatforms) = postSolution
		{6B861E04-E419-4CF2-946C-83208D519127}.Debug|Any CPU.ActiveCfg = Debug|Any CPU
		{6B861E04-E419-4CF2-946C-83208D519127}.Debug|Any CPU.Build.0 = Debug|Any CPU
		{6B861E04-E419-4CF2-946C-83208D519127}.Release|Any CPU.ActiveCfg = Release|Any CPU
		{6B861E04-E419-4CF2-946C-83208D519127}.Release|Any CPU.Build.0 = Release|Any CPU
		{DA109185-7CDD-43F3-AE22-8EA08483E6EB}.Debug|Any CPU.ActiveCfg = Debug|Any CPU
		{DA109185-7CDD-43F3-AE22-8EA08483E6EB}.Debug|Any CPU.Build.0 = Debug|Any CPU
		{DA109185-7CDD-43F3-AE22-8EA08483E6EB}.Release|Any CPU.ActiveCfg = Release|Any CPU
		{DA109185-7CDD-43F3-AE22-8EA08483E6EB}.Release|Any CPU.Build.0 = Release|Any CPU
	EndGlobalSection
	GlobalSection(SolutionProperties) = preSolution
		HideSolutionNode = FALSE
	EndGlobalSection
EndGlobal
