
Microsoft Visual Studio Solution File, Format Version 12.00
# Visual Studio Version 17
VisualStudioVersion = 17.0.31903.59
MinimumVisualStudioVersion = 10.0.40219.1
Project("{FAE04EC0-301F-11D3-BF4B-00C04F79EFBC}") = "Application.Console", "Application.Console\Application.Console.csproj", "{C80A3129-8447-473E-9B9F-56D6BC3D3D14}"
EndProject
Project("{FAE04EC0-301F-11D3-BF4B-00C04F79EFBC}") = "Application.Tests", "Application.Tests\Application.Tests.csproj", "{6D5D97D7-21FB-40E7-9DE8-7D72B82A7300}"
EndProject
Global
	GlobalSection(SolutionConfigurationPlatforms) = preSolution
		Debug|Any CPU = Debug|Any CPU
		Release|Any CPU = Release|Any CPU
	EndGlobalSection
	GlobalSection(SolutionProperties) = preSolution
		HideSolutionNode = FALSE
	EndGlobalSection
	GlobalSection(ProjectConfigurationPlatforms) = postSolution
		{C80A3129-8447-473E-9B9F-56D6BC3D3D14}.Debug|Any CPU.ActiveCfg = Debug|Any CPU
		{C80A3129-8447-473E-9B9F-56D6BC3D3D14}.Debug|Any CPU.Build.0 = Debug|Any CPU
		{C80A3129-8447-473E-9B9F-56D6BC3D3D14}.Release|Any CPU.ActiveCfg = Release|Any CPU
		{C80A3129-8447-473E-9B9F-56D6BC3D3D14}.Release|Any CPU.Build.0 = Release|Any CPU
		{6D5D97D7-21FB-40E7-9DE8-7D72B82A7300}.Debug|Any CPU.ActiveCfg = Debug|Any CPU
		{6D5D97D7-21FB-40E7-9DE8-7D72B82A7300}.Debug|Any CPU.Build.0 = Debug|Any CPU
		{6D5D97D7-21FB-40E7-9DE8-7D72B82A7300}.Release|Any CPU.ActiveCfg = Release|Any CPU
		{6D5D97D7-21FB-40E7-9DE8-7D72B82A7300}.Release|Any CPU.Build.0 = Release|Any CPU
	EndGlobalSection
EndGlobal
