
Microsoft Visual Studio Solution File, Format Version 12.00
# Visual Studio Version 17
VisualStudioVersion = 17.0.31903.59
MinimumVisualStudioVersion = 10.0.40219.1
Project("{FAE04EC0-301F-11D3-BF4B-00C04F79EFBC}") = "Application.Console", "Application.Console\Application.Console.csproj", "{2B3DD9A4-CADF-479C-8EB7-EE194C426A00}"
EndProject
Project("{FAE04EC0-301F-11D3-BF4B-00C04F79EFBC}") = "Application.Tests", "Application.Tests\Application.Tests.csproj", "{CA51125C-BD98-4240-9C08-97EA1BA442FE}"
EndProject
Global
	GlobalSection(SolutionConfigurationPlatforms) = preSolution
		Debug|Any CPU = Debug|Any CPU
		Release|Any CPU = Release|Any CPU
	EndGlobalSection
	GlobalSection(SolutionProperties) = preSolution
		HideSolutionNode = FALSE
	EndGlobalSection
	GlobalSection(ProjectConfigurationPlatforms) = postSolution
		{2B3DD9A4-CADF-479C-8EB7-EE194C426A00}.Debug|Any CPU.ActiveCfg = Debug|Any CPU
		{2B3DD9A4-CADF-479C-8EB7-EE194C426A00}.Debug|Any CPU.Build.0 = Debug|Any CPU
		{2B3DD9A4-CADF-479C-8EB7-EE194C426A00}.Release|Any CPU.ActiveCfg = Release|Any CPU
		{2B3DD9A4-CADF-479C-8EB7-EE194C426A00}.Release|Any CPU.Build.0 = Release|Any CPU
		{CA51125C-BD98-4240-9C08-97EA1BA442FE}.Debug|Any CPU.ActiveCfg = Debug|Any CPU
		{CA51125C-BD98-4240-9C08-97EA1BA442FE}.Debug|Any CPU.Build.0 = Debug|Any CPU
		{CA51125C-BD98-4240-9C08-97EA1BA442FE}.Release|Any CPU.ActiveCfg = Release|Any CPU
		{CA51125C-BD98-4240-9C08-97EA1BA442FE}.Release|Any CPU.Build.0 = Release|Any CPU
	EndGlobalSection
EndGlobal
