
Microsoft Visual Studio Solution File, Format Version 12.00
# Visual Studio Version 17
VisualStudioVersion = 17.0.31903.59
MinimumVisualStudioVersion = 10.0.40219.1
Project("{FAE04EC0-301F-11D3-BF4B-00C04F79EFBC}") = "Application.Console", "Application.Console\Application.Console.csproj", "{70426384-6A1E-4346-A3C9-E20B0933BE77}"
EndProject
Project("{FAE04EC0-301F-11D3-BF4B-00C04F79EFBC}") = "Application.Tests", "Application.Tests\Application.Tests.csproj", "{72665694-6782-44E6-9D48-D16B2A9958D9}"
EndProject
Global
	GlobalSection(SolutionConfigurationPlatforms) = preSolution
		Debug|Any CPU = Debug|Any CPU
		Release|Any CPU = Release|Any CPU
	EndGlobalSection
	GlobalSection(SolutionProperties) = preSolution
		HideSolutionNode = FALSE
	EndGlobalSection
	GlobalSection(ProjectConfigurationPlatforms) = postSolution
		{70426384-6A1E-4346-A3C9-E20B0933BE77}.Debug|Any CPU.ActiveCfg = Debug|Any CPU
		{70426384-6A1E-4346-A3C9-E20B0933BE77}.Debug|Any CPU.Build.0 = Debug|Any CPU
		{70426384-6A1E-4346-A3C9-E20B0933BE77}.Release|Any CPU.ActiveCfg = Release|Any CPU
		{70426384-6A1E-4346-A3C9-E20B0933BE77}.Release|Any CPU.Build.0 = Release|Any CPU
		{72665694-6782-44E6-9D48-D16B2A9958D9}.Debug|Any CPU.ActiveCfg = Debug|Any CPU
		{72665694-6782-44E6-9D48-D16B2A9958D9}.Debug|Any CPU.Build.0 = Debug|Any CPU
		{72665694-6782-44E6-9D48-D16B2A9958D9}.Release|Any CPU.ActiveCfg = Release|Any CPU
		{72665694-6782-44E6-9D48-D16B2A9958D9}.Release|Any CPU.Build.0 = Release|Any CPU
	EndGlobalSection
EndGlobal
